
Microsoft Visual Studio Solution File, Format Version 12.00
# Visual Studio 14
VisualStudioVersion = 14.0.25420.1
MinimumVisualStudioVersion = 10.0.40219.1
Project("{2150E333-8FDC-42A3-9474-1A3956D46DE8}") = "src", "src", "{F7DDEAD8-13D5-41D6-A2C8-08A3EEFE9278}"
EndProject
Project("{2150E333-8FDC-42A3-9474-1A3956D46DE8}") = "Solution Items", "Solution Items", "{612AE3C0-A790-4C50-937B-E65A4B357C29}"
	ProjectSection(SolutionItems) = preProject
		global.json = global.json
	EndProjectSection
EndProject
Project("{8BB2217D-0F2D-49D1-97BC-3654ED321F3B}") = "SamuraiAppCore.Domain", "src\SamuraiAppCore.Domain\SamuraiAppCore.Domain.xproj", "{ED654DAE-D031-499E-879A-2887FFDD66F6}"
EndProject
Project("{8BB2217D-0F2D-49D1-97BC-3654ED321F3B}") = "SamuraiAppCore.Data", "src\SamuraiAppCore.Data\SamuraiAppCore.Data.xproj", "{BA393E75-EDE8-4587-A6CC-A8216B6958E6}"
EndProject
Project("{8BB2217D-0F2D-49D1-97BC-3654ED321F3B}") = "SamuraiAppCore.UI", "src\SamuraiAppCore.UI\SamuraiAppCore.UI.xproj", "{6A848D1D-3AF5-40EC-92CC-44190D36E61B}"
EndProject
Global
	GlobalSection(SolutionConfigurationPlatforms) = preSolution
		Debug|Any CPU = Debug|Any CPU
		Release|Any CPU = Release|Any CPU
	EndGlobalSection
	GlobalSection(ProjectConfigurationPlatforms) = postSolution
		{ED654DAE-D031-499E-879A-2887FFDD66F6}.Debug|Any CPU.ActiveCfg = Debug|Any CPU
		{ED654DAE-D031-499E-879A-2887FFDD66F6}.Debug|Any CPU.Build.0 = Debug|Any CPU
		{ED654DAE-D031-499E-879A-2887FFDD66F6}.Release|Any CPU.ActiveCfg = Release|Any CPU
		{ED654DAE-D031-499E-879A-2887FFDD66F6}.Release|Any CPU.Build.0 = Release|Any CPU
		{BA393E75-EDE8-4587-A6CC-A8216B6958E6}.Debug|Any CPU.ActiveCfg = Debug|Any CPU
		{BA393E75-EDE8-4587-A6CC-A8216B6958E6}.Debug|Any CPU.Build.0 = Debug|Any CPU
		{BA393E75-EDE8-4587-A6CC-A8216B6958E6}.Release|Any CPU.ActiveCfg = Release|Any CPU
		{BA393E75-EDE8-4587-A6CC-A8216B6958E6}.Release|Any CPU.Build.0 = Release|Any CPU
		{6A848D1D-3AF5-40EC-92CC-44190D36E61B}.Debug|Any CPU.ActiveCfg = Debug|Any CPU
		{6A848D1D-3AF5-40EC-92CC-44190D36E61B}.Debug|Any CPU.Build.0 = Debug|Any CPU
		{6A848D1D-3AF5-40EC-92CC-44190D36E61B}.Release|Any CPU.ActiveCfg = Release|Any CPU
		{6A848D1D-3AF5-40EC-92CC-44190D36E61B}.Release|Any CPU.Build.0 = Release|Any CPU
	EndGlobalSection
	GlobalSection(SolutionProperties) = preSolution
		HideSolutionNode = FALSE
	EndGlobalSection
	GlobalSection(NestedProjects) = preSolution
		{ED654DAE-D031-499E-879A-2887FFDD66F6} = {F7DDEAD8-13D5-41D6-A2C8-08A3EEFE9278}
		{BA393E75-EDE8-4587-A6CC-A8216B6958E6} = {F7DDEAD8-13D5-41D6-A2C8-08A3EEFE9278}
		{6A848D1D-3AF5-40EC-92CC-44190D36E61B} = {F7DDEAD8-13D5-41D6-A2C8-08A3EEFE9278}
	EndGlobalSection
EndGlobal
